
Microsoft Visual Studio Solution File, Format Version 12.00
# Visual Studio Version 16
VisualStudioVersion = 16.0.28922.388
MinimumVisualStudioVersion = 10.0.40219.1
Project("{FAE04EC0-301F-11D3-BF4B-00C04F79EFBC}") = "VnNameToJpName", "VnNameToJpName\VnNameToJpName.csproj", "{30F8B27E-E23B-4C0E-9B1C-6B97B5818451}"
EndProject
Global
	GlobalSection(SolutionConfigurationPlatforms) = preSolution
		Debug|Any CPU = Debug|Any CPU
		Release|Any CPU = Release|Any CPU
	EndGlobalSection
	GlobalSection(ProjectConfigurationPlatforms) = postSolution
		{30F8B27E-E23B-4C0E-9B1C-6B97B5818451}.Debug|Any CPU.ActiveCfg = Debug|Any CPU
		{30F8B27E-E23B-4C0E-9B1C-6B97B5818451}.Debug|Any CPU.Build.0 = Debug|Any CPU
		{30F8B27E-E23B-4C0E-9B1C-6B97B5818451}.Release|Any CPU.ActiveCfg = Release|Any CPU
		{30F8B27E-E23B-4C0E-9B1C-6B97B5818451}.Release|Any CPU.Build.0 = Release|Any CPU
	EndGlobalSection
	GlobalSection(SolutionProperties) = preSolution
		HideSolutionNode = FALSE
	EndGlobalSection
	GlobalSection(ExtensibilityGlobals) = postSolution
		SolutionGuid = {B25BBE95-1162-4DE6-9292-991485534088}
	EndGlobalSection
EndGlobal
